
Microsoft Visual Studio Solution File, Format Version 12.00
# Visual Studio 15
VisualStudioVersion = 15.0.28010.2016
MinimumVisualStudioVersion = 10.0.40219.1
Project("{FAE04EC0-301F-11D3-BF4B-00C04F79EFBC}") = "03. HierarchicalInheritance", "03. HierarchicalInheritance\03. HierarchicalInheritance.csproj", "{A3E7A61E-C7C1-4C05-9A3A-C049678D482C}"
EndProject
Project("{FAE04EC0-301F-11D3-BF4B-00C04F79EFBC}") = "04. RandomList", "04. RandomList\04. RandomList.csproj", "{CE987B24-8A14-439B-A8D4-5A53ED7C60E7}"
EndProject
Project("{FAE04EC0-301F-11D3-BF4B-00C04F79EFBC}") = "05. StackOfStrings", "05. StackOfStrings\05. StackOfStrings.csproj", "{345CB175-5F3C-4C03-9375-7005E5CD2BC8}"
EndProject
Global
	GlobalSection(SolutionConfigurationPlatforms) = preSolution
		Debug|Any CPU = Debug|Any CPU
		Release|Any CPU = Release|Any CPU
	EndGlobalSection
	GlobalSection(ProjectConfigurationPlatforms) = postSolution
		{A3E7A61E-C7C1-4C05-9A3A-C049678D482C}.Debug|Any CPU.ActiveCfg = Debug|Any CPU
		{A3E7A61E-C7C1-4C05-9A3A-C049678D482C}.Debug|Any CPU.Build.0 = Debug|Any CPU
		{A3E7A61E-C7C1-4C05-9A3A-C049678D482C}.Release|Any CPU.ActiveCfg = Release|Any CPU
		{A3E7A61E-C7C1-4C05-9A3A-C049678D482C}.Release|Any CPU.Build.0 = Release|Any CPU
		{CE987B24-8A14-439B-A8D4-5A53ED7C60E7}.Debug|Any CPU.ActiveCfg = Debug|Any CPU
		{CE987B24-8A14-439B-A8D4-5A53ED7C60E7}.Debug|Any CPU.Build.0 = Debug|Any CPU
		{CE987B24-8A14-439B-A8D4-5A53ED7C60E7}.Release|Any CPU.ActiveCfg = Release|Any CPU
		{CE987B24-8A14-439B-A8D4-5A53ED7C60E7}.Release|Any CPU.Build.0 = Release|Any CPU
		{345CB175-5F3C-4C03-9375-7005E5CD2BC8}.Debug|Any CPU.ActiveCfg = Debug|Any CPU
		{345CB175-5F3C-4C03-9375-7005E5CD2BC8}.Debug|Any CPU.Build.0 = Debug|Any CPU
		{345CB175-5F3C-4C03-9375-7005E5CD2BC8}.Release|Any CPU.ActiveCfg = Release|Any CPU
		{345CB175-5F3C-4C03-9375-7005E5CD2BC8}.Release|Any CPU.Build.0 = Release|Any CPU
	EndGlobalSection
	GlobalSection(SolutionProperties) = preSolution
		HideSolutionNode = FALSE
	EndGlobalSection
	GlobalSection(ExtensibilityGlobals) = postSolution
		SolutionGuid = {DB9A03AD-6B7E-43CB-BF29-A2FB26DE8E04}
	EndGlobalSection
EndGlobal
