
Microsoft Visual Studio Solution File, Format Version 12.00
# Visual Studio 15
VisualStudioVersion = 15.0.28010.2016
MinimumVisualStudioVersion = 10.0.40219.1
Project("{FAE04EC0-301F-11D3-BF4B-00C04F79EFBC}") = "PizzaCalories", "PizzaCalories\PizzaCalories.csproj", "{2A8AF86A-5321-4345-8D04-6F65EA539A2B}"
EndProject
Global
	GlobalSection(SolutionConfigurationPlatforms) = preSolution
		Debug|Any CPU = Debug|Any CPU
		Release|Any CPU = Release|Any CPU
	EndGlobalSection
	GlobalSection(ProjectConfigurationPlatforms) = postSolution
		{2A8AF86A-5321-4345-8D04-6F65EA539A2B}.Debug|Any CPU.ActiveCfg = Debug|Any CPU
		{2A8AF86A-5321-4345-8D04-6F65EA539A2B}.Debug|Any CPU.Build.0 = Debug|Any CPU
		{2A8AF86A-5321-4345-8D04-6F65EA539A2B}.Release|Any CPU.ActiveCfg = Release|Any CPU
		{2A8AF86A-5321-4345-8D04-6F65EA539A2B}.Release|Any CPU.Build.0 = Release|Any CPU
	EndGlobalSection
	GlobalSection(SolutionProperties) = preSolution
		HideSolutionNode = FALSE
	EndGlobalSection
	GlobalSection(ExtensibilityGlobals) = postSolution
		SolutionGuid = {17A2DAA9-CCE7-4689-BFC1-7F3A7D28B675}
	EndGlobalSection
EndGlobal
