
Microsoft Visual Studio Solution File, Format Version 12.00
# Visual Studio 15
VisualStudioVersion = 15.0.28010.2016
MinimumVisualStudioVersion = 10.0.40219.1
Project("{FAE04EC0-301F-11D3-BF4B-00C04F79EFBC}") = "DefineAnInterfaceIPerson", "DefineAnInterfaceIPerson\DefineAnInterfaceIPerson.csproj", "{88A0A3BC-D089-463C-90ED-1FA788999ABF}"
EndProject
Global
	GlobalSection(SolutionConfigurationPlatforms) = preSolution
		Debug|Any CPU = Debug|Any CPU
		Release|Any CPU = Release|Any CPU
	EndGlobalSection
	GlobalSection(ProjectConfigurationPlatforms) = postSolution
		{88A0A3BC-D089-463C-90ED-1FA788999ABF}.Debug|Any CPU.ActiveCfg = Debug|Any CPU
		{88A0A3BC-D089-463C-90ED-1FA788999ABF}.Debug|Any CPU.Build.0 = Debug|Any CPU
		{88A0A3BC-D089-463C-90ED-1FA788999ABF}.Release|Any CPU.ActiveCfg = Release|Any CPU
		{88A0A3BC-D089-463C-90ED-1FA788999ABF}.Release|Any CPU.Build.0 = Release|Any CPU
	EndGlobalSection
	GlobalSection(SolutionProperties) = preSolution
		HideSolutionNode = FALSE
	EndGlobalSection
	GlobalSection(ExtensibilityGlobals) = postSolution
		SolutionGuid = {89742212-17B3-49F4-A0B8-3394162EB1E5}
	EndGlobalSection
EndGlobal
